
Microsoft Visual Studio Solution File, Format Version 12.00
# Visual Studio 2013
VisualStudioVersion = 12.0.21005.1
MinimumVisualStudioVersion = 10.0.40219.1
Project("{FAE04EC0-301F-11D3-BF4B-00C04F79EFBC}") = "TestingSystem.DAL", "TestingSystem.DAL\TestingSystem.DAL.csproj", "{91EC101F-D132-48D5-B3F0-19D18B7958C4}"
EndProject
Project("{FAE04EC0-301F-11D3-BF4B-00C04F79EFBC}") = "TestingSystem.BLL", "TestingSystem.BLL\TestingSystem.BLL.csproj", "{45450F86-9DDA-4C7C-9E8E-F47E45C63660}"
EndProject
Project("{FAE04EC0-301F-11D3-BF4B-00C04F79EFBC}") = "TestingSystem.WebUI", "TestingSystem.WebUI\TestingSystem.WebUI.csproj", "{EE95266B-3335-401C-B8E9-ADC0DCB9612A}"
EndProject
Global
	GlobalSection(SolutionConfigurationPlatforms) = preSolution
		Debug|Any CPU = Debug|Any CPU
		Release|Any CPU = Release|Any CPU
	EndGlobalSection
	GlobalSection(ProjectConfigurationPlatforms) = postSolution
		{91EC101F-D132-48D5-B3F0-19D18B7958C4}.Debug|Any CPU.ActiveCfg = Debug|Any CPU
		{91EC101F-D132-48D5-B3F0-19D18B7958C4}.Debug|Any CPU.Build.0 = Debug|Any CPU
		{91EC101F-D132-48D5-B3F0-19D18B7958C4}.Release|Any CPU.ActiveCfg = Release|Any CPU
		{91EC101F-D132-48D5-B3F0-19D18B7958C4}.Release|Any CPU.Build.0 = Release|Any CPU
		{45450F86-9DDA-4C7C-9E8E-F47E45C63660}.Debug|Any CPU.ActiveCfg = Debug|Any CPU
		{45450F86-9DDA-4C7C-9E8E-F47E45C63660}.Debug|Any CPU.Build.0 = Debug|Any CPU
		{45450F86-9DDA-4C7C-9E8E-F47E45C63660}.Release|Any CPU.ActiveCfg = Release|Any CPU
		{45450F86-9DDA-4C7C-9E8E-F47E45C63660}.Release|Any CPU.Build.0 = Release|Any CPU
		{EE95266B-3335-401C-B8E9-ADC0DCB9612A}.Debug|Any CPU.ActiveCfg = Debug|Any CPU
		{EE95266B-3335-401C-B8E9-ADC0DCB9612A}.Debug|Any CPU.Build.0 = Debug|Any CPU
		{EE95266B-3335-401C-B8E9-ADC0DCB9612A}.Release|Any CPU.ActiveCfg = Release|Any CPU
		{EE95266B-3335-401C-B8E9-ADC0DCB9612A}.Release|Any CPU.Build.0 = Release|Any CPU
	EndGlobalSection
	GlobalSection(SolutionProperties) = preSolution
		HideSolutionNode = FALSE
	EndGlobalSection
EndGlobal
